
Microsoft Visual Studio Solution File, Format Version 12.00
# Visual Studio 2013
VisualStudioVersion = 12.0.21005.1
MinimumVisualStudioVersion = 10.0.40219.1
Project("{FAE04EC0-301F-11D3-BF4B-00C04F79EFBC}") = "JustRPGGame", "JustRPGGame\JustRPGGame.csproj", "{A62B51F7-6EB1-4602-9E4A-A9EBC8A9852F}"
EndProject
Global
	GlobalSection(SolutionConfigurationPlatforms) = preSolution
		Debug|Any CPU = Debug|Any CPU
		Release|Any CPU = Release|Any CPU
	EndGlobalSection
	GlobalSection(ProjectConfigurationPlatforms) = postSolution
		{A62B51F7-6EB1-4602-9E4A-A9EBC8A9852F}.Debug|Any CPU.ActiveCfg = Debug|Any CPU
		{A62B51F7-6EB1-4602-9E4A-A9EBC8A9852F}.Debug|Any CPU.Build.0 = Debug|Any CPU
		{A62B51F7-6EB1-4602-9E4A-A9EBC8A9852F}.Release|Any CPU.ActiveCfg = Release|Any CPU
		{A62B51F7-6EB1-4602-9E4A-A9EBC8A9852F}.Release|Any CPU.Build.0 = Release|Any CPU
	EndGlobalSection
	GlobalSection(SolutionProperties) = preSolution
		HideSolutionNode = FALSE
	EndGlobalSection
EndGlobal
